
Microsoft Visual Studio Solution File, Format Version 12.00
# Visual Studio Version 17
VisualStudioVersion = 17.9.34616.47
MinimumVisualStudioVersion = 10.0.40219.1
Project("{FAE04EC0-301F-11D3-BF4B-00C04F79EFBC}") = "WinFormsApp1", "WinFormsApp1.csproj", "{A101BB44-26DC-4BA4-A162-9A82C84D09D9}"
EndProject
Global
	GlobalSection(SolutionConfigurationPlatforms) = preSolution
		Debug|Any CPU = Debug|Any CPU
		Release|Any CPU = Release|Any CPU
	EndGlobalSection
	GlobalSection(ProjectConfigurationPlatforms) = postSolution
		{A101BB44-26DC-4BA4-A162-9A82C84D09D9}.Debug|Any CPU.ActiveCfg = Debug|Any CPU
		{A101BB44-26DC-4BA4-A162-9A82C84D09D9}.Debug|Any CPU.Build.0 = Debug|Any CPU
		{A101BB44-26DC-4BA4-A162-9A82C84D09D9}.Release|Any CPU.ActiveCfg = Release|Any CPU
		{A101BB44-26DC-4BA4-A162-9A82C84D09D9}.Release|Any CPU.Build.0 = Release|Any CPU
	EndGlobalSection
	GlobalSection(SolutionProperties) = preSolution
		HideSolutionNode = FALSE
	EndGlobalSection
	GlobalSection(ExtensibilityGlobals) = postSolution
		SolutionGuid = {D5E2AED9-752B-42BA-A03B-004129963364}
	EndGlobalSection
EndGlobal
